
Microsoft Visual Studio Solution File, Format Version 12.00
# Visual Studio Version 17
VisualStudioVersion = 17.5.33414.496
MinimumVisualStudioVersion = 10.0.40219.1
Project("{FAE04EC0-301F-11D3-BF4B-00C04F79EFBC}") = "Library.Application.API", "Library.Application.API\Library.Application.API.csproj", "{CFDE7B6B-2A10-4DE5-8569-A44A68B8B2B4}"
EndProject
Project("{FAE04EC0-301F-11D3-BF4B-00C04F79EFBC}") = "Library.Application.Application", "Library.Application.Application\Library.Application.Application.csproj", "{71FDF6BC-2DB8-493B-8356-3B2708FEAE4D}"
EndProject
Project("{FAE04EC0-301F-11D3-BF4B-00C04F79EFBC}") = "Library.Application.Infrastructure", "Library.Application.Infrastructure\Library.Application.Infrastructure.csproj", "{6FAEBD34-4B6E-44DF-94DB-27600B8A8AB0}"
EndProject
Project("{FAE04EC0-301F-11D3-BF4B-00C04F79EFBC}") = "Library.Application.Shared", "Library.Application.Shared\Library.Application.Shared.csproj", "{640E28ED-C734-4F11-9622-3BC431BC3A8F}"
EndProject
Project("{FAE04EC0-301F-11D3-BF4B-00C04F79EFBC}") = "Library.Application.Tests", "Library.Application.Tests\Library.Application.Tests.csproj", "{180EEA79-F78E-41E6-BF71-9DB125864FCE}"
EndProject
Global
	GlobalSection(SolutionConfigurationPlatforms) = preSolution
		Debug|Any CPU = Debug|Any CPU
		Release|Any CPU = Release|Any CPU
	EndGlobalSection
	GlobalSection(ProjectConfigurationPlatforms) = postSolution
		{CFDE7B6B-2A10-4DE5-8569-A44A68B8B2B4}.Debug|Any CPU.ActiveCfg = Debug|Any CPU
		{CFDE7B6B-2A10-4DE5-8569-A44A68B8B2B4}.Debug|Any CPU.Build.0 = Debug|Any CPU
		{CFDE7B6B-2A10-4DE5-8569-A44A68B8B2B4}.Release|Any CPU.ActiveCfg = Release|Any CPU
		{CFDE7B6B-2A10-4DE5-8569-A44A68B8B2B4}.Release|Any CPU.Build.0 = Release|Any CPU
		{71FDF6BC-2DB8-493B-8356-3B2708FEAE4D}.Debug|Any CPU.ActiveCfg = Debug|Any CPU
		{71FDF6BC-2DB8-493B-8356-3B2708FEAE4D}.Debug|Any CPU.Build.0 = Debug|Any CPU
		{71FDF6BC-2DB8-493B-8356-3B2708FEAE4D}.Release|Any CPU.ActiveCfg = Release|Any CPU
		{71FDF6BC-2DB8-493B-8356-3B2708FEAE4D}.Release|Any CPU.Build.0 = Release|Any CPU
		{6FAEBD34-4B6E-44DF-94DB-27600B8A8AB0}.Debug|Any CPU.ActiveCfg = Debug|Any CPU
		{6FAEBD34-4B6E-44DF-94DB-27600B8A8AB0}.Debug|Any CPU.Build.0 = Debug|Any CPU
		{6FAEBD34-4B6E-44DF-94DB-27600B8A8AB0}.Release|Any CPU.ActiveCfg = Release|Any CPU
		{6FAEBD34-4B6E-44DF-94DB-27600B8A8AB0}.Release|Any CPU.Build.0 = Release|Any CPU
		{640E28ED-C734-4F11-9622-3BC431BC3A8F}.Debug|Any CPU.ActiveCfg = Debug|Any CPU
		{640E28ED-C734-4F11-9622-3BC431BC3A8F}.Debug|Any CPU.Build.0 = Debug|Any CPU
		{640E28ED-C734-4F11-9622-3BC431BC3A8F}.Release|Any CPU.ActiveCfg = Release|Any CPU
		{640E28ED-C734-4F11-9622-3BC431BC3A8F}.Release|Any CPU.Build.0 = Release|Any CPU
		{180EEA79-F78E-41E6-BF71-9DB125864FCE}.Debug|Any CPU.ActiveCfg = Debug|Any CPU
		{180EEA79-F78E-41E6-BF71-9DB125864FCE}.Debug|Any CPU.Build.0 = Debug|Any CPU
		{180EEA79-F78E-41E6-BF71-9DB125864FCE}.Release|Any CPU.ActiveCfg = Release|Any CPU
		{180EEA79-F78E-41E6-BF71-9DB125864FCE}.Release|Any CPU.Build.0 = Release|Any CPU
	EndGlobalSection
	GlobalSection(SolutionProperties) = preSolution
		HideSolutionNode = FALSE
	EndGlobalSection
	GlobalSection(ExtensibilityGlobals) = postSolution
		SolutionGuid = {814F3E79-FD80-45BC-9774-BFF879C97D79}
	EndGlobalSection
EndGlobal
